
Microsoft Visual Studio Solution File, Format Version 12.00
# Visual Studio Version 16
VisualStudioVersion = 16.0.32802.440
MinimumVisualStudioVersion = 10.0.40219.1
Project("{FAE04EC0-301F-11D3-BF4B-00C04F79EFBC}") = "GenericosRestricciones", "GenericosRestricciones.csproj", "{777821C9-021A-4EDF-9415-259C5A30EC75}"
EndProject
Global
	GlobalSection(SolutionConfigurationPlatforms) = preSolution
		Debug|Any CPU = Debug|Any CPU
		Release|Any CPU = Release|Any CPU
	EndGlobalSection
	GlobalSection(ProjectConfigurationPlatforms) = postSolution
		{777821C9-021A-4EDF-9415-259C5A30EC75}.Debug|Any CPU.ActiveCfg = Debug|Any CPU
		{777821C9-021A-4EDF-9415-259C5A30EC75}.Debug|Any CPU.Build.0 = Debug|Any CPU
		{777821C9-021A-4EDF-9415-259C5A30EC75}.Release|Any CPU.ActiveCfg = Release|Any CPU
		{777821C9-021A-4EDF-9415-259C5A30EC75}.Release|Any CPU.Build.0 = Release|Any CPU
	EndGlobalSection
	GlobalSection(SolutionProperties) = preSolution
		HideSolutionNode = FALSE
	EndGlobalSection
	GlobalSection(ExtensibilityGlobals) = postSolution
		SolutionGuid = {B0C42AFC-F832-41CB-B50A-675BB16A8199}
	EndGlobalSection
EndGlobal
