
Microsoft Visual Studio Solution File, Format Version 12.00
# Visual Studio Version 17
VisualStudioVersion = 17.3.32811.315
MinimumVisualStudioVersion = 10.0.40219.1
Project("{FAE04EC0-301F-11D3-BF4B-00C04F79EFBC}") = "ExpresionesRegulares", "ExpresionesRegulares.csproj", "{FCF99392-571E-41FA-9D11-3EA9D6A11C20}"
EndProject
Global
	GlobalSection(SolutionConfigurationPlatforms) = preSolution
		Debug|Any CPU = Debug|Any CPU
		Release|Any CPU = Release|Any CPU
	EndGlobalSection
	GlobalSection(ProjectConfigurationPlatforms) = postSolution
		{FCF99392-571E-41FA-9D11-3EA9D6A11C20}.Debug|Any CPU.ActiveCfg = Debug|Any CPU
		{FCF99392-571E-41FA-9D11-3EA9D6A11C20}.Debug|Any CPU.Build.0 = Debug|Any CPU
		{FCF99392-571E-41FA-9D11-3EA9D6A11C20}.Release|Any CPU.ActiveCfg = Release|Any CPU
		{FCF99392-571E-41FA-9D11-3EA9D6A11C20}.Release|Any CPU.Build.0 = Release|Any CPU
	EndGlobalSection
	GlobalSection(SolutionProperties) = preSolution
		HideSolutionNode = FALSE
	EndGlobalSection
	GlobalSection(ExtensibilityGlobals) = postSolution
		SolutionGuid = {A47BA4A0-AA5C-4147-9AD6-879B50F50AB4}
	EndGlobalSection
EndGlobal
